
Microsoft Visual Studio Solution File, Format Version 12.00
# Visual Studio Version 17
VisualStudioVersion = 17.5.33627.172
MinimumVisualStudioVersion = 10.0.40219.1
Project("{8BC9CEB8-8B4A-11D0-8D11-00A0C91BC942}") = "03-11-Structs", "03-11-Structs\03-11-Structs.vcxproj", "{B4272E72-7FF6-4F40-B064-4E0A5A647579}"
EndProject
Global
	GlobalSection(SolutionConfigurationPlatforms) = preSolution
		Debug|x64 = Debug|x64
		Debug|x86 = Debug|x86
		Release|x64 = Release|x64
		Release|x86 = Release|x86
	EndGlobalSection
	GlobalSection(ProjectConfigurationPlatforms) = postSolution
		{B4272E72-7FF6-4F40-B064-4E0A5A647579}.Debug|x64.ActiveCfg = Debug|x64
		{B4272E72-7FF6-4F40-B064-4E0A5A647579}.Debug|x64.Build.0 = Debug|x64
		{B4272E72-7FF6-4F40-B064-4E0A5A647579}.Debug|x86.ActiveCfg = Debug|Win32
		{B4272E72-7FF6-4F40-B064-4E0A5A647579}.Debug|x86.Build.0 = Debug|Win32
		{B4272E72-7FF6-4F40-B064-4E0A5A647579}.Release|x64.ActiveCfg = Release|x64
		{B4272E72-7FF6-4F40-B064-4E0A5A647579}.Release|x64.Build.0 = Release|x64
		{B4272E72-7FF6-4F40-B064-4E0A5A647579}.Release|x86.ActiveCfg = Release|Win32
		{B4272E72-7FF6-4F40-B064-4E0A5A647579}.Release|x86.Build.0 = Release|Win32
	EndGlobalSection
	GlobalSection(SolutionProperties) = preSolution
		HideSolutionNode = FALSE
	EndGlobalSection
	GlobalSection(ExtensibilityGlobals) = postSolution
		SolutionGuid = {5BA17BC0-655F-4399-91AA-249518B97CF2}
	EndGlobalSection
EndGlobal
